{
  "version": 4,
  "terraform_version": "0.14.7",
  "serial": 51,
  "lineage": "0626a0c7-c24e-18a9-62a3-8b9635dc0f4c",
  "outputs": {},
  "resources": [
    {
      "mode": "managed",
      "type": "aws_security_group",
      "name": "reglas_red_bonat",
      "provider": "provider[\"registry.terraform.io/hashicorp/aws\"]",
      "instances": [
        {
          "schema_version": 1,
          "attributes": {
            "arn": "arn:aws:ec2:eu-west-1:639988086142:security-group/sg-0bd1d8d33da6e8b80",
            "description": "Reglas de red de Bonat",
            "egress": [
              {
                "cidr_blocks": [
                  "0.0.0.0/0"
                ],
                "description": "",
                "from_port": 0,
                "ipv6_cidr_blocks": [],
                "prefix_list_ids": [],
                "protocol": "-1",
                "security_groups": [],
                "self": false,
                "to_port": 0
              }
            ],
            "id": "sg-0bd1d8d33da6e8b80",
            "ingress": [
              {
                "cidr_blocks": [
                  "0.0.0.0/0"
                ],
                "description": "",
                "from_port": 22,
                "ipv6_cidr_blocks": [],
                "prefix_list_ids": [],
                "protocol": "tcp",
                "security_groups": [],
                "self": false,
                "to_port": 22
              },
              {
                "cidr_blocks": [
                  "0.0.0.0/0"
                ],
                "description": "",
                "from_port": 8080,
                "ipv6_cidr_blocks": [],
                "prefix_list_ids": [],
                "protocol": "tcp",
                "security_groups": [],
                "self": false,
                "to_port": 8080
              }
            ],
            "name": "reglas_red_bonat",
            "name_prefix": "",
            "owner_id": "639988086142",
            "revoke_rules_on_delete": false,
            "tags": null,
            "timeouts": null,
            "vpc_id": "vpc-e5ef219c"
          },
          "sensitive_attributes": [],
          "private": "eyJlMmJmYjczMC1lY2FhLTExZTYtOGY4OC0zNDM2M2JjN2M0YzAiOnsiY3JlYXRlIjo2MDAwMDAwMDAwMDAsImRlbGV0ZSI6NjAwMDAwMDAwMDAwfSwic2NoZW1hX3ZlcnNpb24iOiIxIn0="
        }
      ]
    },
    {
      "module": "module.claves",
      "mode": "managed",
      "type": "aws_key_pair",
      "name": "claves_aws",
      "provider": "provider[\"registry.terraform.io/hashicorp/aws\"]",
      "instances": [
        {
          "schema_version": 1,
          "attributes": {
            "arn": "arn:aws:ec2:eu-west-1:639988086142:key-pair/miclaveBonat",
            "fingerprint": "8f:5a:2b:11:96:19:69:c6:82:95:33:56:c7:9c:5e:43",
            "id": "miclaveBonat",
            "key_name": "miclaveBonat",
            "key_name_prefix": null,
            "key_pair_id": "key-00c50bad058f2d7eb",
            "public_key": "ssh-rsa AAAAB3NzaC1yc2EAAAADAQABAAACAQCrq53oXpScjpnTsdpfZqvahQ5bVys8fuUMFHn0hLPshXAIzun8i8fnl0OyCcPr61ktxhPSckJhuhfQDWtyHq8enGv+6UcFSMm/h8oQgOHjnZ67LaNVxjjoIq6YMA616cbVfgSCc72MpXU3V7ekg5RQCg3rgEcH2zMcqCaOVis5kYc9Kx6BBfh0PIWjqbiWidP/FWnkE9aXf/AGXkXbMJYEQEkLqqvyWPlZd1O0HgTO6+XHk3cvV9dPCSK5ak5T83zDUzrhoeDe4cfYWn29ytwRPDYM4RSB+e5YckWtMNMKzG0c6gpeyD23IXAeuu/wD2CFXtIJZOKF6YuIB1+ML9D+Ct7sBpsqUNkj1fvLqx5G7873wywZf3W9j/zlEH+wb9OBBxW1vKtrisEfQKKkD08QAek+VstHYhiBnhQaP2P6+DQ3keZHieh1Q7ptKjeiG5pIBFJEltU9Xc3YPLgVHbEa+36Fc0+PUhfNR82CfZNH/7d0kf6+xshsDa/FZjZ8AfEJ/yR4vzW3SJGQd/rXpEGJsbV/iWdMl4qLYOUK9xbesi9alv3wlb81eF30G6jXwBIbokDO9t4zvEvu1qHQr4WDZEUV3i76JueGFc+l3t9l5+VkABOHbDqb10dPDg3dJUKusJVgZgDx96W33Oour6BVVKbyRr6gXxgPw8qPRriOrQ==",
            "tags": null
          },
          "sensitive_attributes": [],
          "private": "eyJzY2hlbWFfdmVyc2lvbiI6IjEifQ==",
          "dependencies": [
            "module.claves.tls_private_key.clave_privada"
          ]
        }
      ]
    },
    {
      "module": "module.claves",
      "mode": "managed",
      "type": "tls_private_key",
      "name": "clave_privada",
      "provider": "module.claves.provider[\"registry.terraform.io/hashicorp/tls\"]",
      "instances": [
        {
          "schema_version": 0,
          "attributes": {
            "algorithm": "RSA",
            "ecdsa_curve": "P224",
            "id": "b466f52be9a46732b6616e035b5ea74f694b53db",
            "private_key_pem": "-----BEGIN RSA PRIVATE KEY-----\nMIIJKgIBAAKCAgEAq6ud6F6UnI6Z07HaX2ar2oUOW1crPH7lDBR59ISz7IVwCM7p\n/IvH55dDsgnD6+tZLcYT0nJCYboX0A1rch6vHpxr/ulHBUjJv4fKEIDh452euy2j\nVcY46CKumDAOtenG1X4EgnO9jKV1N1e3pIOUUAoN64BHB9szHKgmjlYrOZGHPSse\ngQX4dDyFo6m4lonT/xVp5BPWl3/wBl5F2zCWBEBJC6qr8lj5WXdTtB4Ezuvlx5N3\nL1fXTwkiuWpOU/N8w1M64aHg3uHH2Fp9vcrcETw2DOEUgfnuWHJFrTDTCsxtHOoK\nXsg9tyFwHrrv8A9ghV7SCWTihemLiAdfjC/Q/gre7AabKlDZI9X7y6seRu/O98Ms\nGX91vY/85RB/sG/TgQcVtbyra4rBH0CipA9PEAHpPlbLR2IYgZ4UGj9j+vg0N5Hm\nR4nodUO6bSo3ohuaSARSRJbVPV3N2Dy4FR2xGvt+hXNPj1IXzUfNgn2TR/+3dJH+\nvsbIbA2vxWY2fAHxCf8keL81t0iRkHf616RBibG1f4lnTJeKi2DlCvcW3rIvWpb9\n8JW/NXhd9Buo18ASG6JAzvbeM7xL7tah0K+Fg2RFFd4u+ibnhhXPpd7fZeflZAAT\nh2w6m9dHTw4N3SVCrrCVYGYA8felt9zqLq+gVVSm8ka+oF8YD8PKj0a4jq0CAwEA\nAQKCAgEAo1MobZ4mR3iIM1bfSqp0z/aM/SvGj8yuf7qveIoUX+9n8olhJguayeQo\n3KbbxoVnl9v+mdZo/288Ho3V7oHw2++385LfJdDlWJqJDQCBaLtZ+/zki8OF+pyc\nfWAjbsEWkaFOCwqwiLIV/ewvZI5muWuHaMnnSjsqupXj8MFcaG3jO7fdUqVqhrPZ\n9SaQ3nAMyIAH+Z1CKWrn4jcowOvNngfHNxlOc8hgmtSjRxbUPkVCnIjY+KraxnAL\noFnaYZai2XZC683GEma+akFVpg7tJlyhk8lEaJBvSaiWT7rG3lw1Zy/nY9ugk611\nbVcu1bbbfqgCrjtUJFFYlbdmGQqZCrpJEbmueo7yAAP/vv+sa4Ya+wDp1PwqOGEc\nd90QE/A8aOCFSuHaQW45D+54lu8jbazZoc15Bbc1Km2yhWdX4sAeBiAJnuNb705Q\nyAmOdkbmcT/p/qIleGnIAQKHcjrBActUdUcVbm3CbmuKTgseMHrX9NLGaMvivBoS\nSjtxmf2kue6Jw9qjyyZ5cmQZnq1Z9eKU28b7CE+eKS7XNRO09t/i9h4KFpUXj7Xy\n6HUs9cgQhC7HeDQCqd1w7qOIaDFfqNFVKv04RBxlPu4SL2a656iL4xOrtx6SBWmt\njItvfBfC2vqnDPX9qQ5LA8b2cR4T0fwQSOtHtC0U8191mmPId6ECggEBANFFkWp8\n5vk2BqUXy0OKmq/k/CRfGEFbzcQyuLpr5bO1Ebf10KM3KfmzJBfbm2aocsJvNWe5\nmQAs36wEUQrm6gB47CvcYi4z+aiP0cpDjlyx3jOwYvlcIey+LplUHzyT7fkYNYma\n7B5VLnjJ9NPkUTGNlpypziWscpRJT4FZM0s4B8AYr/ESCe+ltYAwicKJHbehKsoq\nSoivlnwfnIAzkNeDLyOiyj0PfjmB8TDSbm0OR42rjOqHuObJqw+9aMNpfXStQUKt\nG5l0mlw1JL+KveIgMmjFkW2y/yKd7K1mDDNW4P53U7SHDknNm+3OrD46DOmZB1T8\ndMTHH1+1/LWfWpUCggEBANIArAU6yw6zHD8kjpDXp9q0SXVSGTde/3h4uxrJLnm3\n+XHLDR8/MAl7yzrweM0iJVdkQ2mERu2SM6omJD03XKdetT/p0VWZtdqZuohCBahD\n/glca+OoMKjJjqLqm08XNCkHrOPvH1LQGVJF4DlxS/rSBmnsQ7/zJHqibJ/NNlKr\nfogQipjGFiinwusHh9jsVZs3WyYLPqPvPXJvjAW3PhWfxjsJPraq051MWBZj2QjS\nd7cjAJAhS0BpfoQ6/nloG1TJ27NefQiCnrg7UnK420PY+hlZF7KPTFk0k+sGStUg\nnxW0AcJm2LZ0J0Y4FNY5w3kl/46lc9t6hlIAr0kCdbkCggEBAIAHDYWWUEAae0o5\nGlOB0kzVzCP8QXyKy4HCfh0esXKVzfc7XZ7cusNWgzhNU+8kEsE9A/EnLKFc0qIM\nKgB/cJ1FXUcgFripd41WH0Scu9Wdw5Df0k03vlF1sFCBlHKdFbOUyfwbWWTdPAcN\nlsijH8EvG/tQLxwBOj/Z8dfyWF0mNCejctAK9yUzvaxlBYKMHDAhW2o/IUYqFeht\n9nLAGVafnREyIIPmnJRWGNaDhqcVW1UipJ0+1zHqIssIV7VlLilZbVl7Si1BlsXe\nhVLhcHWMuQo8BFKWdVwaPZd/nOsztYY4Pm9tSKKCNWjxTZLsNMYcps2pfU59e4Y0\nchwzF1kCggEAM1SMt36GcaJgDiMOYeMEmVWl+vJFTZ5/zV+dRE/Wd1P7uc/K9k9I\nm5jRtSdgL6vf+rt8Ksd1Ws54qGdIRlpI4HQq02OAkm7O347h5DpXDakI6BraGDxd\nIHSb08CKk8t1KW5B2TjyrBhHiC+iPggubTF29d8VNE7nJL6c1Hahh5V5iSKZ7fvF\nIMzYvQALOX+S8SyXr/Xhqspod5dCX4dJupliJ737wUSCExm9EkP3octoDbCVi6VH\nsofWr9WHq/9BZvksJWy8HR9oUlnVrkr29V+MyjNXsoKKQ+exHCpekje2CuUD5ROk\ndvxvOR+uICrgV7VtAN36MrSBLnwSXEMoqQKCAQEAiKi/yW+tvCE+Ji+BLFs31p6T\nfl5k549jui8DLiRZNdtYJP0ey+GfXWbyMYqj/Fgyvj7bC+80IOQpCiN2B28+hJUM\nYbAVdE5GILhGhAdWl0KKQ/OWIj0DyY31fjEOTPaCI6TOMX5uTB4d8TmM38ENIWUc\niteKykRmQi0a8tJjGRTEDdY3dhH4r/zoimlRgIadPFfWw3Pzd5NBEZKXgt1kOyh/\nZNQkuzT+jmTSrAxwEzZFRPA9SVonxOatdSsbZ0EltfKd0tk9ciQ4PNMm5sYpQvLH\nFvwYtz8GgNzLooad86LzHkT7ozg2Kx+JPfDWMddwANxwJXQOTI7k2OVl/NP3gw==\n-----END RSA PRIVATE KEY-----\n",
            "public_key_fingerprint_md5": "46:03:be:c9:a7:f5:26:ad:94:04:7b:ba:35:27:3e:c1",
            "public_key_openssh": "ssh-rsa AAAAB3NzaC1yc2EAAAADAQABAAACAQCrq53oXpScjpnTsdpfZqvahQ5bVys8fuUMFHn0hLPshXAIzun8i8fnl0OyCcPr61ktxhPSckJhuhfQDWtyHq8enGv+6UcFSMm/h8oQgOHjnZ67LaNVxjjoIq6YMA616cbVfgSCc72MpXU3V7ekg5RQCg3rgEcH2zMcqCaOVis5kYc9Kx6BBfh0PIWjqbiWidP/FWnkE9aXf/AGXkXbMJYEQEkLqqvyWPlZd1O0HgTO6+XHk3cvV9dPCSK5ak5T83zDUzrhoeDe4cfYWn29ytwRPDYM4RSB+e5YckWtMNMKzG0c6gpeyD23IXAeuu/wD2CFXtIJZOKF6YuIB1+ML9D+Ct7sBpsqUNkj1fvLqx5G7873wywZf3W9j/zlEH+wb9OBBxW1vKtrisEfQKKkD08QAek+VstHYhiBnhQaP2P6+DQ3keZHieh1Q7ptKjeiG5pIBFJEltU9Xc3YPLgVHbEa+36Fc0+PUhfNR82CfZNH/7d0kf6+xshsDa/FZjZ8AfEJ/yR4vzW3SJGQd/rXpEGJsbV/iWdMl4qLYOUK9xbesi9alv3wlb81eF30G6jXwBIbokDO9t4zvEvu1qHQr4WDZEUV3i76JueGFc+l3t9l5+VkABOHbDqb10dPDg3dJUKusJVgZgDx96W33Oour6BVVKbyRr6gXxgPw8qPRriOrQ==\n",
            "public_key_pem": "-----BEGIN PUBLIC KEY-----\nMIICIjANBgkqhkiG9w0BAQEFAAOCAg8AMIICCgKCAgEAq6ud6F6UnI6Z07HaX2ar\n2oUOW1crPH7lDBR59ISz7IVwCM7p/IvH55dDsgnD6+tZLcYT0nJCYboX0A1rch6v\nHpxr/ulHBUjJv4fKEIDh452euy2jVcY46CKumDAOtenG1X4EgnO9jKV1N1e3pIOU\nUAoN64BHB9szHKgmjlYrOZGHPSsegQX4dDyFo6m4lonT/xVp5BPWl3/wBl5F2zCW\nBEBJC6qr8lj5WXdTtB4Ezuvlx5N3L1fXTwkiuWpOU/N8w1M64aHg3uHH2Fp9vcrc\nETw2DOEUgfnuWHJFrTDTCsxtHOoKXsg9tyFwHrrv8A9ghV7SCWTihemLiAdfjC/Q\n/gre7AabKlDZI9X7y6seRu/O98MsGX91vY/85RB/sG/TgQcVtbyra4rBH0CipA9P\nEAHpPlbLR2IYgZ4UGj9j+vg0N5HmR4nodUO6bSo3ohuaSARSRJbVPV3N2Dy4FR2x\nGvt+hXNPj1IXzUfNgn2TR/+3dJH+vsbIbA2vxWY2fAHxCf8keL81t0iRkHf616RB\nibG1f4lnTJeKi2DlCvcW3rIvWpb98JW/NXhd9Buo18ASG6JAzvbeM7xL7tah0K+F\ng2RFFd4u+ibnhhXPpd7fZeflZAATh2w6m9dHTw4N3SVCrrCVYGYA8felt9zqLq+g\nVVSm8ka+oF8YD8PKj0a4jq0CAwEAAQ==\n-----END PUBLIC KEY-----\n",
            "rsa_bits": 4096
          },
          "sensitive_attributes": [],
          "private": "bnVsbA=="
        }
      ]
    },
    {
      "module": "module.instancia",
      "mode": "data",
      "type": "aws_ami",
      "name": "ami_ubuntu",
      "provider": "provider[\"registry.terraform.io/hashicorp/aws\"]",
      "instances": [
        {
          "schema_version": 0,
          "attributes": {
            "architecture": "x86_64",
            "arn": "arn:aws:ec2:eu-west-1::image/ami-0d94cb8577ea0e2fd",
            "block_device_mappings": [
              {
                "device_name": "/dev/sda1",
                "ebs": {
                  "delete_on_termination": "true",
                  "encrypted": "false",
                  "iops": "0",
                  "snapshot_id": "snap-0befbe6c2625c932f",
                  "throughput": "0",
                  "volume_size": "8",
                  "volume_type": "gp2"
                },
                "no_device": "",
                "virtual_name": ""
              },
              {
                "device_name": "/dev/sdb",
                "ebs": {},
                "no_device": "",
                "virtual_name": "ephemeral0"
              },
              {
                "device_name": "/dev/sdc",
                "ebs": {},
                "no_device": "",
                "virtual_name": "ephemeral1"
              }
            ],
            "creation_date": "2021-02-24T17:38:54.000Z",
            "description": "Canonical, Ubuntu, 16.04 LTS, amd64 xenial image build on 2021-02-24",
            "ena_support": true,
            "executable_users": null,
            "filter": [
              {
                "name": "name",
                "values": [
                  "*ubuntu-xenial-16.04-amd64-server-*"
                ]
              },
              {
                "name": "virtualization-type",
                "values": [
                  "hvm"
                ]
              }
            ],
            "hypervisor": "xen",
            "id": "ami-0d94cb8577ea0e2fd",
            "image_id": "ami-0d94cb8577ea0e2fd",
            "image_location": "099720109477/ubuntu/images/hvm-ssd/ubuntu-xenial-16.04-amd64-server-20210224",
            "image_owner_alias": null,
            "image_type": "machine",
            "kernel_id": null,
            "most_recent": true,
            "name": "ubuntu/images/hvm-ssd/ubuntu-xenial-16.04-amd64-server-20210224",
            "name_regex": null,
            "owner_id": "099720109477",
            "owners": [
              "099720109477"
            ],
            "platform": null,
            "platform_details": "Linux/UNIX",
            "product_codes": [],
            "public": true,
            "ramdisk_id": null,
            "root_device_name": "/dev/sda1",
            "root_device_type": "ebs",
            "root_snapshot_id": "snap-0befbe6c2625c932f",
            "sriov_net_support": "simple",
            "state": "available",
            "state_reason": {
              "code": "UNSET",
              "message": "UNSET"
            },
            "tags": {},
            "usage_operation": "RunInstances",
            "virtualization_type": "hvm"
          },
          "sensitive_attributes": []
        }
      ]
    },
    {
      "module": "module.instancia",
      "mode": "managed",
      "type": "aws_ebs_volume",
      "name": "mi_volumen",
      "provider": "provider[\"registry.terraform.io/hashicorp/aws\"]",
      "instances": [
        {
          "schema_version": 0,
          "attributes": {
            "arn": "arn:aws:ec2:eu-west-1:639988086142:volume/vol-03cdbc04208541345",
            "availability_zone": "eu-west-1b",
            "encrypted": false,
            "id": "vol-03cdbc04208541345",
            "iops": 100,
            "kms_key_id": "",
            "multi_attach_enabled": false,
            "outpost_arn": "",
            "size": 5,
            "snapshot_id": "",
            "tags": {
              "Name": "MaquinaBonat_vol2"
            },
            "throughput": 0,
            "type": "gp2"
          },
          "sensitive_attributes": [],
          "private": "bnVsbA==",
          "dependencies": [
            "aws_security_group.reglas_red_bonat",
            "module.instancia.aws_instance.mi-maquina-bonat",
            "module.instancia.data.aws_ami.ami_ubuntu"
          ]
        }
      ]
    },
    {
      "module": "module.instancia",
      "mode": "managed",
      "type": "aws_instance",
      "name": "mi-maquina-bonat",
      "provider": "provider[\"registry.terraform.io/hashicorp/aws\"]",
      "instances": [
        {
          "schema_version": 1,
          "attributes": {
            "ami": "ami-0d94cb8577ea0e2fd",
            "arn": "arn:aws:ec2:eu-west-1:639988086142:instance/i-0219fe2f181c19c82",
            "associate_public_ip_address": true,
            "availability_zone": "eu-west-1b",
            "cpu_core_count": 1,
            "cpu_threads_per_core": 1,
            "credit_specification": [
              {
                "cpu_credits": "standard"
              }
            ],
            "disable_api_termination": false,
            "ebs_block_device": [],
            "ebs_optimized": false,
            "enclave_options": [
              {
                "enabled": false
              }
            ],
            "ephemeral_block_device": [],
            "get_password_data": false,
            "hibernation": false,
            "host_id": null,
            "iam_instance_profile": "",
            "id": "i-0219fe2f181c19c82",
            "instance_initiated_shutdown_behavior": null,
            "instance_state": "running",
            "instance_type": "t2.micro",
            "ipv6_address_count": 0,
            "ipv6_addresses": [],
            "key_name": "miclaveBonat",
            "metadata_options": [
              {
                "http_endpoint": "enabled",
                "http_put_response_hop_limit": 1,
                "http_tokens": "optional"
              }
            ],
            "monitoring": false,
            "network_interface": [],
            "outpost_arn": "",
            "password_data": "",
            "placement_group": "",
            "primary_network_interface_id": "eni-03ca57a6594494228",
            "private_dns": "ip-172-31-25-44.eu-west-1.compute.internal",
            "private_ip": "172.31.25.44",
            "public_dns": "ec2-63-35-231-237.eu-west-1.compute.amazonaws.com",
            "public_ip": "63.35.231.237",
            "root_block_device": [
              {
                "delete_on_termination": true,
                "device_name": "/dev/sda1",
                "encrypted": false,
                "iops": 100,
                "kms_key_id": "",
                "tags": {},
                "throughput": 0,
                "volume_id": "vol-069acb87fec0bb3e5",
                "volume_size": 8,
                "volume_type": "gp2"
              }
            ],
            "secondary_private_ips": [],
            "security_groups": [
              "reglas_red_bonat"
            ],
            "source_dest_check": true,
            "subnet_id": "subnet-2bf1fa63",
            "tags": {
              "Name": "MaquinaBonat"
            },
            "tenancy": "default",
            "timeouts": null,
            "user_data": null,
            "user_data_base64": null,
            "volume_tags": null,
            "vpc_security_group_ids": [
              "sg-0bd1d8d33da6e8b80"
            ]
          },
          "sensitive_attributes": [],
          "private": "eyJlMmJmYjczMC1lY2FhLTExZTYtOGY4OC0zNDM2M2JjN2M0YzAiOnsiY3JlYXRlIjo2MDAwMDAwMDAwMDAsImRlbGV0ZSI6MTIwMDAwMDAwMDAwMCwidXBkYXRlIjo2MDAwMDAwMDAwMDB9LCJzY2hlbWFfdmVyc2lvbiI6IjEifQ==",
          "dependencies": [
            "aws_security_group.reglas_red_bonat",
            "module.instancia.data.aws_ami.ami_ubuntu"
          ]
        }
      ]
    },
    {
      "module": "module.instancia",
      "mode": "managed",
      "type": "aws_volume_attachment",
      "name": "ebs_att",
      "provider": "provider[\"registry.terraform.io/hashicorp/aws\"]",
      "instances": [
        {
          "schema_version": 0,
          "attributes": {
            "device_name": "/dev/sdh",
            "force_detach": null,
            "id": "vai-3402344927",
            "instance_id": "i-0219fe2f181c19c82",
            "skip_destroy": null,
            "volume_id": "vol-03cdbc04208541345"
          },
          "sensitive_attributes": [],
          "private": "bnVsbA==",
          "dependencies": [
            "aws_security_group.reglas_red_bonat",
            "module.instancia.aws_ebs_volume.mi_volumen",
            "module.instancia.aws_instance.mi-maquina-bonat",
            "module.instancia.data.aws_ami.ami_ubuntu"
          ]
        }
      ]
    }
  ]
}
